
Microsoft Visual Studio Solution File, Format Version 9.00
# Visual Studio 2005
Project("{F184B08F-C81C-45F6-A57F-5ABD9991F28F}") = "Flag Viewer Application", "Flag Viewer Application\Flag Viewer Application.vbproj", "{D8286FE6-C8CD-4E9C-B401-653CE12F66E1}"
EndProject
Global
	GlobalSection(SolutionConfigurationPlatforms) = preSolution
		Debug|Any CPU = Debug|Any CPU
		Release|Any CPU = Release|Any CPU
	EndGlobalSection
	GlobalSection(ProjectConfigurationPlatforms) = postSolution
		{D8286FE6-C8CD-4E9C-B401-653CE12F66E1}.Debug|Any CPU.ActiveCfg = Debug|Any CPU
		{D8286FE6-C8CD-4E9C-B401-653CE12F66E1}.Debug|Any CPU.Build.0 = Debug|Any CPU
		{D8286FE6-C8CD-4E9C-B401-653CE12F66E1}.Release|Any CPU.ActiveCfg = Release|Any CPU
		{D8286FE6-C8CD-4E9C-B401-653CE12F66E1}.Release|Any CPU.Build.0 = Release|Any CPU
	EndGlobalSection
	GlobalSection(SolutionProperties) = preSolution
		HideSolutionNode = FALSE
	EndGlobalSection
EndGlobal
