
Microsoft Visual Studio Solution File, Format Version 9.00
# Visual Studio 2005
Project("{F184B08F-C81C-45F6-A57F-5ABD9991F28F}") = "Yacht Chartering", "Yacht Chartering\Yacht Chartering.vbproj", "{98F529EA-CF64-44A1-A6DE-50B35F86BC18}"
EndProject
Global
	GlobalSection(SolutionConfigurationPlatforms) = preSolution
		Debug|Any CPU = Debug|Any CPU
		Release|Any CPU = Release|Any CPU
	EndGlobalSection
	GlobalSection(ProjectConfigurationPlatforms) = postSolution
		{98F529EA-CF64-44A1-A6DE-50B35F86BC18}.Debug|Any CPU.ActiveCfg = Debug|Any CPU
		{98F529EA-CF64-44A1-A6DE-50B35F86BC18}.Debug|Any CPU.Build.0 = Debug|Any CPU
		{98F529EA-CF64-44A1-A6DE-50B35F86BC18}.Release|Any CPU.ActiveCfg = Release|Any CPU
		{98F529EA-CF64-44A1-A6DE-50B35F86BC18}.Release|Any CPU.Build.0 = Release|Any CPU
	EndGlobalSection
	GlobalSection(SolutionProperties) = preSolution
		HideSolutionNode = FALSE
	EndGlobalSection
EndGlobal
